
Microsoft Visual Studio Solution File, Format Version 12.00
# Visual Studio 15
VisualStudioVersion = 15.0.27428.2043
MinimumVisualStudioVersion = 10.0.40219.1
Project("{FAE04EC0-301F-11D3-BF4B-00C04F79EFBC}") = "SapLinksUtility2", "SapLinksUtility2\SapLinksUtility2.csproj", "{C833E54D-0987-429A-B67C-7642DE6FF7DC}"
EndProject
Global
	GlobalSection(SolutionConfigurationPlatforms) = preSolution
		Debug|Any CPU = Debug|Any CPU
		Release|Any CPU = Release|Any CPU
	EndGlobalSection
	GlobalSection(ProjectConfigurationPlatforms) = postSolution
		{C833E54D-0987-429A-B67C-7642DE6FF7DC}.Debug|Any CPU.ActiveCfg = Debug|Any CPU
		{C833E54D-0987-429A-B67C-7642DE6FF7DC}.Debug|Any CPU.Build.0 = Debug|Any CPU
		{C833E54D-0987-429A-B67C-7642DE6FF7DC}.Release|Any CPU.ActiveCfg = Release|Any CPU
		{C833E54D-0987-429A-B67C-7642DE6FF7DC}.Release|Any CPU.Build.0 = Release|Any CPU
	EndGlobalSection
	GlobalSection(SolutionProperties) = preSolution
		HideSolutionNode = FALSE
	EndGlobalSection
	GlobalSection(ExtensibilityGlobals) = postSolution
		SolutionGuid = {DFC5EC07-8C41-4991-9ED4-5B853AF59E73}
	EndGlobalSection
EndGlobal
